
Microsoft Visual Studio Solution File, Format Version 12.00
# Visual Studio Version 16
VisualStudioVersion = 16.0.31205.134
MinimumVisualStudioVersion = 10.0.40219.1
Project("{FAE04EC0-301F-11D3-BF4B-00C04F79EFBC}") = "url", "url.csproj", "{A5405C92-69F3-4BE9-BD08-B5C34DA4512F}"
EndProject
Global
	GlobalSection(SolutionConfigurationPlatforms) = preSolution
		Debug|Any CPU = Debug|Any CPU
		Release|Any CPU = Release|Any CPU
	EndGlobalSection
	GlobalSection(ProjectConfigurationPlatforms) = postSolution
		{A5405C92-69F3-4BE9-BD08-B5C34DA4512F}.Debug|Any CPU.ActiveCfg = Debug|Any CPU
		{A5405C92-69F3-4BE9-BD08-B5C34DA4512F}.Debug|Any CPU.Build.0 = Debug|Any CPU
		{A5405C92-69F3-4BE9-BD08-B5C34DA4512F}.Release|Any CPU.ActiveCfg = Release|Any CPU
		{A5405C92-69F3-4BE9-BD08-B5C34DA4512F}.Release|Any CPU.Build.0 = Release|Any CPU
	EndGlobalSection
	GlobalSection(SolutionProperties) = preSolution
		HideSolutionNode = FALSE
	EndGlobalSection
	GlobalSection(ExtensibilityGlobals) = postSolution
		SolutionGuid = {55C2F399-9561-4056-9EAE-6EB60990F4DF}
	EndGlobalSection
EndGlobal
